
Microsoft Visual Studio Solution File, Format Version 12.00
# Visual Studio Version 17
VisualStudioVersion = 17.14.36408.4
MinimumVisualStudioVersion = 10.0.40219.1
Project("{FAE04EC0-301F-11D3-BF4B-00C04F79EFBC}") = "01_MainSubjects", "01_MainSubjects\01_MainSubjects.csproj", "{C83AB17E-1CA9-45D1-8A26-D594765B3117}"
EndProject
Project("{FAE04EC0-301F-11D3-BF4B-00C04F79EFBC}") = "02_Variables", "02_Variables\02_Variables.csproj", "{3E591086-F488-4FF3-AA7F-132BF46DE8C6}"
EndProject
Project("{FAE04EC0-301F-11D3-BF4B-00C04F79EFBC}") = "03_MakingDecision", "03_MakingDecision\03_MakingDecision.csproj", "{4600E4D5-49F3-4707-B71E-2C7866E00E63}"
EndProject
Project("{FAE04EC0-301F-11D3-BF4B-00C04F79EFBC}") = "04_Loops", "04_Loops\04_Loops.csproj", "{ECE57A58-E436-46DE-A335-FA8646BD6B70}"
EndProject
Project("{FAE04EC0-301F-11D3-BF4B-00C04F79EFBC}") = "05_Arrays", "05_Arrays\05_Arrays.csproj", "{B7C5F348-0641-47C5-BDE7-D88B667D0D61}"
EndProject
Project("{FAE04EC0-301F-11D3-BF4B-00C04F79EFBC}") = "06_Foreach", "06_Foreach\06_Foreach.csproj", "{734A68BC-F868-4DB9-967E-F1CD574A61D7}"
EndProject
Project("{FAE04EC0-301F-11D3-BF4B-00C04F79EFBC}") = "07_Methods", "07_Methods\07_Methods.csproj", "{47BEFF49-BA7B-4D18-A29B-3A3BDD3E9E80}"
EndProject
Global
	GlobalSection(SolutionConfigurationPlatforms) = preSolution
		Debug|Any CPU = Debug|Any CPU
		Release|Any CPU = Release|Any CPU
	EndGlobalSection
	GlobalSection(ProjectConfigurationPlatforms) = postSolution
		{C83AB17E-1CA9-45D1-8A26-D594765B3117}.Debug|Any CPU.ActiveCfg = Debug|Any CPU
		{C83AB17E-1CA9-45D1-8A26-D594765B3117}.Debug|Any CPU.Build.0 = Debug|Any CPU
		{C83AB17E-1CA9-45D1-8A26-D594765B3117}.Release|Any CPU.ActiveCfg = Release|Any CPU
		{C83AB17E-1CA9-45D1-8A26-D594765B3117}.Release|Any CPU.Build.0 = Release|Any CPU
		{3E591086-F488-4FF3-AA7F-132BF46DE8C6}.Debug|Any CPU.ActiveCfg = Debug|Any CPU
		{3E591086-F488-4FF3-AA7F-132BF46DE8C6}.Debug|Any CPU.Build.0 = Debug|Any CPU
		{3E591086-F488-4FF3-AA7F-132BF46DE8C6}.Release|Any CPU.ActiveCfg = Release|Any CPU
		{3E591086-F488-4FF3-AA7F-132BF46DE8C6}.Release|Any CPU.Build.0 = Release|Any CPU
		{4600E4D5-49F3-4707-B71E-2C7866E00E63}.Debug|Any CPU.ActiveCfg = Debug|Any CPU
		{4600E4D5-49F3-4707-B71E-2C7866E00E63}.Debug|Any CPU.Build.0 = Debug|Any CPU
		{4600E4D5-49F3-4707-B71E-2C7866E00E63}.Release|Any CPU.ActiveCfg = Release|Any CPU
		{4600E4D5-49F3-4707-B71E-2C7866E00E63}.Release|Any CPU.Build.0 = Release|Any CPU
		{ECE57A58-E436-46DE-A335-FA8646BD6B70}.Debug|Any CPU.ActiveCfg = Debug|Any CPU
		{ECE57A58-E436-46DE-A335-FA8646BD6B70}.Debug|Any CPU.Build.0 = Debug|Any CPU
		{ECE57A58-E436-46DE-A335-FA8646BD6B70}.Release|Any CPU.ActiveCfg = Release|Any CPU
		{ECE57A58-E436-46DE-A335-FA8646BD6B70}.Release|Any CPU.Build.0 = Release|Any CPU
		{B7C5F348-0641-47C5-BDE7-D88B667D0D61}.Debug|Any CPU.ActiveCfg = Debug|Any CPU
		{B7C5F348-0641-47C5-BDE7-D88B667D0D61}.Debug|Any CPU.Build.0 = Debug|Any CPU
		{B7C5F348-0641-47C5-BDE7-D88B667D0D61}.Release|Any CPU.ActiveCfg = Release|Any CPU
		{B7C5F348-0641-47C5-BDE7-D88B667D0D61}.Release|Any CPU.Build.0 = Release|Any CPU
		{734A68BC-F868-4DB9-967E-F1CD574A61D7}.Debug|Any CPU.ActiveCfg = Debug|Any CPU
		{734A68BC-F868-4DB9-967E-F1CD574A61D7}.Debug|Any CPU.Build.0 = Debug|Any CPU
		{734A68BC-F868-4DB9-967E-F1CD574A61D7}.Release|Any CPU.ActiveCfg = Release|Any CPU
		{734A68BC-F868-4DB9-967E-F1CD574A61D7}.Release|Any CPU.Build.0 = Release|Any CPU
		{47BEFF49-BA7B-4D18-A29B-3A3BDD3E9E80}.Debug|Any CPU.ActiveCfg = Debug|Any CPU
		{47BEFF49-BA7B-4D18-A29B-3A3BDD3E9E80}.Debug|Any CPU.Build.0 = Debug|Any CPU
		{47BEFF49-BA7B-4D18-A29B-3A3BDD3E9E80}.Release|Any CPU.ActiveCfg = Release|Any CPU
		{47BEFF49-BA7B-4D18-A29B-3A3BDD3E9E80}.Release|Any CPU.Build.0 = Release|Any CPU
	EndGlobalSection
	GlobalSection(SolutionProperties) = preSolution
		HideSolutionNode = FALSE
	EndGlobalSection
	GlobalSection(ExtensibilityGlobals) = postSolution
		SolutionGuid = {C5446C42-F637-479C-8AA0-1FAD6D75583B}
	EndGlobalSection
EndGlobal
